
Microsoft Visual Studio Solution File, Format Version 12.00
# Visual Studio Version 17
VisualStudioVersion = 17.1.32228.430
MinimumVisualStudioVersion = 10.0.40219.1
Project("{FAE04EC0-301F-11D3-BF4B-00C04F79EFBC}") = "JogoDaVelha.WebApi", "JogoDaVelha.WebApi\JogoDaVelha.WebApi.csproj", "{363FF1D7-0137-46B3-926A-E51FDC0571C1}"
EndProject
Project("{FAE04EC0-301F-11D3-BF4B-00C04F79EFBC}") = "JogoDaVelha.Domain", "JogoDaVelha.Domain\JogoDaVelha.Domain.csproj", "{C2220BD7-E2F1-4E29-AA67-572B96E72F4E}"
EndProject
Project("{FAE04EC0-301F-11D3-BF4B-00C04F79EFBC}") = "JogoDaVelha.Service", "JogoDaVelha.Service\JogoDaVelha.Service.csproj", "{527059F2-7BAC-4486-8B1B-FB74BE0B552A}"
EndProject
Global
	GlobalSection(SolutionConfigurationPlatforms) = preSolution
		Debug|Any CPU = Debug|Any CPU
		Release|Any CPU = Release|Any CPU
	EndGlobalSection
	GlobalSection(ProjectConfigurationPlatforms) = postSolution
		{363FF1D7-0137-46B3-926A-E51FDC0571C1}.Debug|Any CPU.ActiveCfg = Debug|Any CPU
		{363FF1D7-0137-46B3-926A-E51FDC0571C1}.Debug|Any CPU.Build.0 = Debug|Any CPU
		{363FF1D7-0137-46B3-926A-E51FDC0571C1}.Release|Any CPU.ActiveCfg = Release|Any CPU
		{363FF1D7-0137-46B3-926A-E51FDC0571C1}.Release|Any CPU.Build.0 = Release|Any CPU
		{C2220BD7-E2F1-4E29-AA67-572B96E72F4E}.Debug|Any CPU.ActiveCfg = Debug|Any CPU
		{C2220BD7-E2F1-4E29-AA67-572B96E72F4E}.Debug|Any CPU.Build.0 = Debug|Any CPU
		{C2220BD7-E2F1-4E29-AA67-572B96E72F4E}.Release|Any CPU.ActiveCfg = Release|Any CPU
		{C2220BD7-E2F1-4E29-AA67-572B96E72F4E}.Release|Any CPU.Build.0 = Release|Any CPU
		{527059F2-7BAC-4486-8B1B-FB74BE0B552A}.Debug|Any CPU.ActiveCfg = Debug|Any CPU
		{527059F2-7BAC-4486-8B1B-FB74BE0B552A}.Debug|Any CPU.Build.0 = Debug|Any CPU
		{527059F2-7BAC-4486-8B1B-FB74BE0B552A}.Release|Any CPU.ActiveCfg = Release|Any CPU
		{527059F2-7BAC-4486-8B1B-FB74BE0B552A}.Release|Any CPU.Build.0 = Release|Any CPU
	EndGlobalSection
	GlobalSection(SolutionProperties) = preSolution
		HideSolutionNode = FALSE
	EndGlobalSection
	GlobalSection(ExtensibilityGlobals) = postSolution
		SolutionGuid = {1214C95A-44CC-464E-975D-50CBC34BB3AD}
	EndGlobalSection
EndGlobal
